
Microsoft Visual Studio Solution File, Format Version 12.00
# Visual Studio Version 17
VisualStudioVersion = 17.10.34916.146
MinimumVisualStudioVersion = 10.0.40219.1
Project("{FAE04EC0-301F-11D3-BF4B-00C04F79EFBC}") = "WEB_253503_VOLODIN.UI", "WEB_253503_VOLODIN.UI\WEB_253503_VOLODIN.UI.csproj", "{1EF922D7-D55E-4E9D-A2B9-DA722CC60F74}"
EndProject
Global
	GlobalSection(SolutionConfigurationPlatforms) = preSolution
		Debug|Any CPU = Debug|Any CPU
		Release|Any CPU = Release|Any CPU
	EndGlobalSection
	GlobalSection(ProjectConfigurationPlatforms) = postSolution
		{1EF922D7-D55E-4E9D-A2B9-DA722CC60F74}.Debug|Any CPU.ActiveCfg = Debug|Any CPU
		{1EF922D7-D55E-4E9D-A2B9-DA722CC60F74}.Debug|Any CPU.Build.0 = Debug|Any CPU
		{1EF922D7-D55E-4E9D-A2B9-DA722CC60F74}.Release|Any CPU.ActiveCfg = Release|Any CPU
		{1EF922D7-D55E-4E9D-A2B9-DA722CC60F74}.Release|Any CPU.Build.0 = Release|Any CPU
	EndGlobalSection
	GlobalSection(SolutionProperties) = preSolution
		HideSolutionNode = FALSE
	EndGlobalSection
	GlobalSection(ExtensibilityGlobals) = postSolution
		SolutionGuid = {A26C8245-9B57-4634-9DEB-1F0C096C94D0}
	EndGlobalSection
EndGlobal
