
Microsoft Visual Studio Solution File, Format Version 12.00
# Visual Studio Version 17
VisualStudioVersion = 17.10.34916.146
MinimumVisualStudioVersion = 10.0.40219.1
Project("{9A19103F-16F7-4668-BE54-9A1E7A4F7556}") = "WEB_253503_Volodin.UI", "WEB_253503_Volodin.UI\WEB_253503_Volodin.UI.csproj", "{3268F14E-8502-44F2-82DD-9723AA32B695}"
	ProjectSection(ProjectDependencies) = postProject
		{DCA46050-388E-43C9-A182-5A6E71773178} = {DCA46050-388E-43C9-A182-5A6E71773178}
	EndProjectSection
EndProject
Project("{9A19103F-16F7-4668-BE54-9A1E7A4F7556}") = "WEB_253503_Volodin.Domain", "..\WEB_253503_Volodin\WEB_253503_Volodin.Domain\WEB_253503_Volodin.Domain.csproj", "{DCA46050-388E-43C9-A182-5A6E71773178}"
EndProject
Project("{FAE04EC0-301F-11D3-BF4B-00C04F79EFBC}") = "WEB_253503_Volodin.API", "..\WEB_253503_Volodin\WEB_253503_Volodin.API\WEB_253503_Volodin.API.csproj", "{99079102-1334-4E7A-83CD-468AAB82D7BD}"
	ProjectSection(ProjectDependencies) = postProject
		{DCA46050-388E-43C9-A182-5A6E71773178} = {DCA46050-388E-43C9-A182-5A6E71773178}
	EndProjectSection
EndProject
Global
	GlobalSection(SolutionConfigurationPlatforms) = preSolution
		Debug|Any CPU = Debug|Any CPU
		Release|Any CPU = Release|Any CPU
	EndGlobalSection
	GlobalSection(ProjectConfigurationPlatforms) = postSolution
		{3268F14E-8502-44F2-82DD-9723AA32B695}.Debug|Any CPU.ActiveCfg = Debug|Any CPU
		{3268F14E-8502-44F2-82DD-9723AA32B695}.Debug|Any CPU.Build.0 = Debug|Any CPU
		{3268F14E-8502-44F2-82DD-9723AA32B695}.Release|Any CPU.ActiveCfg = Release|Any CPU
		{3268F14E-8502-44F2-82DD-9723AA32B695}.Release|Any CPU.Build.0 = Release|Any CPU
		{DCA46050-388E-43C9-A182-5A6E71773178}.Debug|Any CPU.ActiveCfg = Debug|Any CPU
		{DCA46050-388E-43C9-A182-5A6E71773178}.Debug|Any CPU.Build.0 = Debug|Any CPU
		{DCA46050-388E-43C9-A182-5A6E71773178}.Release|Any CPU.ActiveCfg = Release|Any CPU
		{DCA46050-388E-43C9-A182-5A6E71773178}.Release|Any CPU.Build.0 = Release|Any CPU
		{99079102-1334-4E7A-83CD-468AAB82D7BD}.Debug|Any CPU.ActiveCfg = Debug|Any CPU
		{99079102-1334-4E7A-83CD-468AAB82D7BD}.Debug|Any CPU.Build.0 = Debug|Any CPU
		{99079102-1334-4E7A-83CD-468AAB82D7BD}.Release|Any CPU.ActiveCfg = Release|Any CPU
		{99079102-1334-4E7A-83CD-468AAB82D7BD}.Release|Any CPU.Build.0 = Release|Any CPU
	EndGlobalSection
	GlobalSection(SolutionProperties) = preSolution
		HideSolutionNode = FALSE
	EndGlobalSection
	GlobalSection(ExtensibilityGlobals) = postSolution
		SolutionGuid = {2426F80A-024D-482F-A5FB-569353ED4B06}
	EndGlobalSection
EndGlobal
